
Microsoft Visual Studio Solution File, Format Version 12.00
# Visual Studio Version 17
VisualStudioVersion = 17.5.002.0
MinimumVisualStudioVersion = 10.0.40219.1
Project("{9A19103F-16F7-4668-BE54-9A1E7A4F7556}") = "PTI", "PTI.csproj", "{01748FAE-2432-4066-89C8-21E13919E001}"
EndProject
Global
	GlobalSection(SolutionConfigurationPlatforms) = preSolution
		Debug|Any CPU = Debug|Any CPU
		Release|Any CPU = Release|Any CPU
	EndGlobalSection
	GlobalSection(ProjectConfigurationPlatforms) = postSolution
		{01748FAE-2432-4066-89C8-21E13919E001}.Debug|Any CPU.ActiveCfg = Debug|Any CPU
		{01748FAE-2432-4066-89C8-21E13919E001}.Debug|Any CPU.Build.0 = Debug|Any CPU
		{01748FAE-2432-4066-89C8-21E13919E001}.Release|Any CPU.ActiveCfg = Release|Any CPU
		{01748FAE-2432-4066-89C8-21E13919E001}.Release|Any CPU.Build.0 = Release|Any CPU
	EndGlobalSection
	GlobalSection(SolutionProperties) = preSolution
		HideSolutionNode = FALSE
	EndGlobalSection
	GlobalSection(ExtensibilityGlobals) = postSolution
		SolutionGuid = {2D6A278F-DA32-43A8-9314-3029FAA50DBB}
	EndGlobalSection
EndGlobal
